
Microsoft Visual Studio Solution File, Format Version 12.00
# Visual Studio Version 17
VisualStudioVersion = 17.8.34330.188
MinimumVisualStudioVersion = 10.0.40219.1
Project("{FAE04EC0-301F-11D3-BF4B-00C04F79EFBC}") = "CPRG211_Lab1", "CPRG211_Lab1.csproj", "{D70D4606-1E0F-46CF-A682-379B2AFC00E9}"
EndProject
Global
	GlobalSection(SolutionConfigurationPlatforms) = preSolution
		Debug|Any CPU = Debug|Any CPU
		Release|Any CPU = Release|Any CPU
	EndGlobalSection
	GlobalSection(ProjectConfigurationPlatforms) = postSolution
		{D70D4606-1E0F-46CF-A682-379B2AFC00E9}.Debug|Any CPU.ActiveCfg = Debug|Any CPU
		{D70D4606-1E0F-46CF-A682-379B2AFC00E9}.Debug|Any CPU.Build.0 = Debug|Any CPU
		{D70D4606-1E0F-46CF-A682-379B2AFC00E9}.Release|Any CPU.ActiveCfg = Release|Any CPU
		{D70D4606-1E0F-46CF-A682-379B2AFC00E9}.Release|Any CPU.Build.0 = Release|Any CPU
	EndGlobalSection
	GlobalSection(SolutionProperties) = preSolution
		HideSolutionNode = FALSE
	EndGlobalSection
	GlobalSection(ExtensibilityGlobals) = postSolution
		SolutionGuid = {6058EC2C-CD50-4BF1-8AF8-33A278D136B4}
	EndGlobalSection
EndGlobal
